
Microsoft Visual Studio Solution File, Format Version 12.00
# Visual Studio Version 17
VisualStudioVersion = 17.5.33516.290
MinimumVisualStudioVersion = 10.0.40219.1
Project("{9A19103F-16F7-4668-BE54-9A1E7A4F7556}") = "Store.Models", "Store.Models\Store.Models.csproj", "{19E35F4C-8D34-4019-B29D-BC6D71D36834}"
EndProject
Project("{9A19103F-16F7-4668-BE54-9A1E7A4F7556}") = "Store.Repository", "Store.Repository\Store.Repository.csproj", "{0B570BB9-C9A9-4D7A-94BC-FFD034CDCE52}"
EndProject
Project("{9A19103F-16F7-4668-BE54-9A1E7A4F7556}") = "Store.Helpers", "Store.Helpers\Store.Helpers.csproj", "{2977B840-5AF8-45ED-9062-DD44E66B1C7C}"
EndProject
Project("{9A19103F-16F7-4668-BE54-9A1E7A4F7556}") = "Store.Database", "Store.Database\Store.Database.csproj", "{43C844F0-DE66-4566-940B-61D33E36D665}"
EndProject
Project("{FAE04EC0-301F-11D3-BF4B-00C04F79EFBC}") = "Store.Frontend", "Store.Frontend\Store.Frontend.csproj", "{ACC9ECF5-6886-4988-A720-17288729AADB}"
EndProject
Project("{FAE04EC0-301F-11D3-BF4B-00C04F79EFBC}") = "Store.Backend", "Store.Backend\Store.Backend.csproj", "{CEA0A146-2776-45B3-BA1C-A1490E6CE2BC}"
EndProject
Global
	GlobalSection(SolutionConfigurationPlatforms) = preSolution
		Debug|Any CPU = Debug|Any CPU
		Release|Any CPU = Release|Any CPU
	EndGlobalSection
	GlobalSection(ProjectConfigurationPlatforms) = postSolution
		{19E35F4C-8D34-4019-B29D-BC6D71D36834}.Debug|Any CPU.ActiveCfg = Debug|Any CPU
		{19E35F4C-8D34-4019-B29D-BC6D71D36834}.Debug|Any CPU.Build.0 = Debug|Any CPU
		{19E35F4C-8D34-4019-B29D-BC6D71D36834}.Release|Any CPU.ActiveCfg = Release|Any CPU
		{19E35F4C-8D34-4019-B29D-BC6D71D36834}.Release|Any CPU.Build.0 = Release|Any CPU
		{0B570BB9-C9A9-4D7A-94BC-FFD034CDCE52}.Debug|Any CPU.ActiveCfg = Debug|Any CPU
		{0B570BB9-C9A9-4D7A-94BC-FFD034CDCE52}.Debug|Any CPU.Build.0 = Debug|Any CPU
		{0B570BB9-C9A9-4D7A-94BC-FFD034CDCE52}.Release|Any CPU.ActiveCfg = Release|Any CPU
		{0B570BB9-C9A9-4D7A-94BC-FFD034CDCE52}.Release|Any CPU.Build.0 = Release|Any CPU
		{2977B840-5AF8-45ED-9062-DD44E66B1C7C}.Debug|Any CPU.ActiveCfg = Debug|Any CPU
		{2977B840-5AF8-45ED-9062-DD44E66B1C7C}.Debug|Any CPU.Build.0 = Debug|Any CPU
		{2977B840-5AF8-45ED-9062-DD44E66B1C7C}.Release|Any CPU.ActiveCfg = Release|Any CPU
		{2977B840-5AF8-45ED-9062-DD44E66B1C7C}.Release|Any CPU.Build.0 = Release|Any CPU
		{43C844F0-DE66-4566-940B-61D33E36D665}.Debug|Any CPU.ActiveCfg = Debug|Any CPU
		{43C844F0-DE66-4566-940B-61D33E36D665}.Debug|Any CPU.Build.0 = Debug|Any CPU
		{43C844F0-DE66-4566-940B-61D33E36D665}.Release|Any CPU.ActiveCfg = Release|Any CPU
		{43C844F0-DE66-4566-940B-61D33E36D665}.Release|Any CPU.Build.0 = Release|Any CPU
		{ACC9ECF5-6886-4988-A720-17288729AADB}.Debug|Any CPU.ActiveCfg = Debug|Any CPU
		{ACC9ECF5-6886-4988-A720-17288729AADB}.Debug|Any CPU.Build.0 = Debug|Any CPU
		{ACC9ECF5-6886-4988-A720-17288729AADB}.Release|Any CPU.ActiveCfg = Release|Any CPU
		{ACC9ECF5-6886-4988-A720-17288729AADB}.Release|Any CPU.Build.0 = Release|Any CPU
		{CEA0A146-2776-45B3-BA1C-A1490E6CE2BC}.Debug|Any CPU.ActiveCfg = Debug|Any CPU
		{CEA0A146-2776-45B3-BA1C-A1490E6CE2BC}.Debug|Any CPU.Build.0 = Debug|Any CPU
		{CEA0A146-2776-45B3-BA1C-A1490E6CE2BC}.Release|Any CPU.ActiveCfg = Release|Any CPU
		{CEA0A146-2776-45B3-BA1C-A1490E6CE2BC}.Release|Any CPU.Build.0 = Release|Any CPU
	EndGlobalSection
	GlobalSection(SolutionProperties) = preSolution
		HideSolutionNode = FALSE
	EndGlobalSection
	GlobalSection(ExtensibilityGlobals) = postSolution
		SolutionGuid = {70C75137-7674-4ED1-9C66-7996AF0E4A96}
	EndGlobalSection
EndGlobal
